
Microsoft Visual Studio Solution File, Format Version 12.00
# Visual Studio 15
VisualStudioVersion = 15.0.28307.421
MinimumVisualStudioVersion = 10.0.40219.1
Project("{FAE04EC0-301F-11D3-BF4B-00C04F79EFBC}") = "ConsoleUI", "ConsoleUI\ConsoleUI.csproj", "{31FB401D-7E5A-4798-BBCB-F3061F6796CA}"
EndProject
Global
	GlobalSection(SolutionConfigurationPlatforms) = preSolution
		Debug|Any CPU = Debug|Any CPU
		Release|Any CPU = Release|Any CPU
	EndGlobalSection
	GlobalSection(ProjectConfigurationPlatforms) = postSolution
		{31FB401D-7E5A-4798-BBCB-F3061F6796CA}.Debug|Any CPU.ActiveCfg = Debug|Any CPU
		{31FB401D-7E5A-4798-BBCB-F3061F6796CA}.Debug|Any CPU.Build.0 = Debug|Any CPU
		{31FB401D-7E5A-4798-BBCB-F3061F6796CA}.Release|Any CPU.ActiveCfg = Release|Any CPU
		{31FB401D-7E5A-4798-BBCB-F3061F6796CA}.Release|Any CPU.Build.0 = Release|Any CPU
	EndGlobalSection
	GlobalSection(SolutionProperties) = preSolution
		HideSolutionNode = FALSE
	EndGlobalSection
	GlobalSection(ExtensibilityGlobals) = postSolution
		SolutionGuid = {A4101E53-49B9-458A-A7EF-3C8400F6769C}
	EndGlobalSection
EndGlobal
