
Microsoft Visual Studio Solution File, Format Version 12.00
# Visual Studio 15
VisualStudioVersion = 15.0.28307.421
MinimumVisualStudioVersion = 10.0.40219.1
Project("{FAE04EC0-301F-11D3-BF4B-00C04F79EFBC}") = "ConsoleUI", "ConsoleUI\ConsoleUI.csproj", "{96B870BA-987D-43C8-BD0E-8D0EC499EC8E}"
EndProject
Global
	GlobalSection(SolutionConfigurationPlatforms) = preSolution
		Debug|Any CPU = Debug|Any CPU
		Release|Any CPU = Release|Any CPU
	EndGlobalSection
	GlobalSection(ProjectConfigurationPlatforms) = postSolution
		{96B870BA-987D-43C8-BD0E-8D0EC499EC8E}.Debug|Any CPU.ActiveCfg = Debug|Any CPU
		{96B870BA-987D-43C8-BD0E-8D0EC499EC8E}.Debug|Any CPU.Build.0 = Debug|Any CPU
		{96B870BA-987D-43C8-BD0E-8D0EC499EC8E}.Release|Any CPU.ActiveCfg = Release|Any CPU
		{96B870BA-987D-43C8-BD0E-8D0EC499EC8E}.Release|Any CPU.Build.0 = Release|Any CPU
	EndGlobalSection
	GlobalSection(SolutionProperties) = preSolution
		HideSolutionNode = FALSE
	EndGlobalSection
	GlobalSection(ExtensibilityGlobals) = postSolution
		SolutionGuid = {2512E1B0-36C2-44BD-A88F-05030F087D54}
	EndGlobalSection
EndGlobal
