
Microsoft Visual Studio Solution File, Format Version 12.00
# Visual Studio 15
VisualStudioVersion = 15.0.28307.421
MinimumVisualStudioVersion = 10.0.40219.1
Project("{FAE04EC0-301F-11D3-BF4B-00C04F79EFBC}") = "ConsoleUI", "ConsoleUI\ConsoleUI.csproj", "{DD753DE7-1E44-4CDB-A8DF-4DC746B7A721}"
EndProject
Project("{FAE04EC0-301F-11D3-BF4B-00C04F79EFBC}") = "GuestBookLibrary", "GuestBookLibrary\GuestBookLibrary.csproj", "{FAA07FE0-5569-4390-A8CC-B034A0ACD87A}"
EndProject
Global
	GlobalSection(SolutionConfigurationPlatforms) = preSolution
		Debug|Any CPU = Debug|Any CPU
		Release|Any CPU = Release|Any CPU
	EndGlobalSection
	GlobalSection(ProjectConfigurationPlatforms) = postSolution
		{DD753DE7-1E44-4CDB-A8DF-4DC746B7A721}.Debug|Any CPU.ActiveCfg = Debug|Any CPU
		{DD753DE7-1E44-4CDB-A8DF-4DC746B7A721}.Debug|Any CPU.Build.0 = Debug|Any CPU
		{DD753DE7-1E44-4CDB-A8DF-4DC746B7A721}.Release|Any CPU.ActiveCfg = Release|Any CPU
		{DD753DE7-1E44-4CDB-A8DF-4DC746B7A721}.Release|Any CPU.Build.0 = Release|Any CPU
		{FAA07FE0-5569-4390-A8CC-B034A0ACD87A}.Debug|Any CPU.ActiveCfg = Debug|Any CPU
		{FAA07FE0-5569-4390-A8CC-B034A0ACD87A}.Debug|Any CPU.Build.0 = Debug|Any CPU
		{FAA07FE0-5569-4390-A8CC-B034A0ACD87A}.Release|Any CPU.ActiveCfg = Release|Any CPU
		{FAA07FE0-5569-4390-A8CC-B034A0ACD87A}.Release|Any CPU.Build.0 = Release|Any CPU
	EndGlobalSection
	GlobalSection(SolutionProperties) = preSolution
		HideSolutionNode = FALSE
	EndGlobalSection
	GlobalSection(ExtensibilityGlobals) = postSolution
		SolutionGuid = {534A4473-F083-4F85-A826-91EC8F8A07D3}
	EndGlobalSection
EndGlobal
